
Microsoft Visual Studio Solution File, Format Version 12.00
Project("{FAE04EC0-301F-11D3-BF4B-00C04F79EFBC}") = "AoC2024", "AoC2024\AoC2024.csproj", "{A933FD09-EE63-49C0-A730-261F84237510}"
EndProject
Global
	GlobalSection(SolutionConfigurationPlatforms) = preSolution
		Debug|Any CPU = Debug|Any CPU
		Release|Any CPU = Release|Any CPU
	EndGlobalSection
	GlobalSection(ProjectConfigurationPlatforms) = postSolution
		{A933FD09-EE63-49C0-A730-261F84237510}.Debug|Any CPU.ActiveCfg = Debug|Any CPU
		{A933FD09-EE63-49C0-A730-261F84237510}.Debug|Any CPU.Build.0 = Debug|Any CPU
		{A933FD09-EE63-49C0-A730-261F84237510}.Release|Any CPU.ActiveCfg = Release|Any CPU
		{A933FD09-EE63-49C0-A730-261F84237510}.Release|Any CPU.Build.0 = Release|Any CPU
	EndGlobalSection
EndGlobal
